<?xml version="1.0" encoding="utf-8"?>
<Project ToolsVersion="4.0" xmlns="http://schemas.microsoft.com/developer/msbuild/2003">
  <ItemGroup>
    <Filter Include="Source Files">
      <UniqueIdentifier>{4FC737F1-C7A5-4376-A066-2A32D752A2FF}</UniqueIdentifier>
      <Extensions>cpp;c;cc;cxx;def;odl;idl;hpj;bat;asm;asmx</Extensions>
    </Filter>
    <Filter Include="Header Files">
      <UniqueIdentifier>{93995380-89BD-4b04-88EB-625FBE52EBFB}</UniqueIdentifier>
      <Extensions>h;hh;hpp;hxx;hm;inl;inc;xsd</Extensions>
    </Filter>
    <Filter Include="Resource Files">
      <UniqueIdentifier>{67DA6AB6-F800-4c08-8B7A-83BB121AAD01}</UniqueIdentifier>
      <Extensions>rc;ico;cur;bmp;dlg;rc2;rct;bin;rgs;gif;jpg;jpeg;jpe;resx;tiff;tif;png;wav;mfcribbon-ms</Extensions>
    </Filter>
    <Filter Include="Backend">
      <UniqueIdentifier>{4050bec6-383e-4361-b9c6-95bdbb2ed77a}</UniqueIdentifier>
    </Filter>
    <Filter Include="Test">
      <UniqueIdentifier>{bb13a3c2-d71c-4f1b-bd9a-f876f95b62fe}</UniqueIdentifier>
    </Filter>
  </ItemGroup>
  <ItemGroup>
    <ClInclude Include="..\QEvent\Backend\QBackend.h">
      <Filter>Backend</Filter>
    </ClInclude>
    <ClInclude Include="..\QEvent\Backend\QWin32Select.h">
      <Filter>Backend</Filter>
    </ClInclude>
    <ClInclude Include="..\QEvent\QEventEnum.h">
      <Filter>Header Files</Filter>
    </ClInclude>
    <ClInclude Include="..\QEvent\QLibBase.h">
      <Filter>Header Files</Filter>
    </ClInclude>
    <ClInclude Include="..\QEvent\QMinHeap.h">
      <Filter>Header Files</Filter>
    </ClInclude>
    <ClInclude Include="..\QEvent\QNetwork.h">
      <Filter>Header Files</Filter>
    </ClInclude>
    <ClInclude Include="..\QEvent\Test\ClientTest.h">
      <Filter>Test</Filter>
    </ClInclude>
    <ClInclude Include="..\QEvent\Test\ServerTest.h">
      <Filter>Test</Filter>
    </ClInclude>
    <ClInclude Include="..\QEvent\Test\UnitTest.h">
      <Filter>Test</Filter>
    </ClInclude>
    <ClInclude Include="..\QEvent\QSignal.h">
      <Filter>Header Files</Filter>
    </ClInclude>
    <ClInclude Include="..\QEvent\QChannel.h">
      <Filter>Header Files</Filter>
    </ClInclude>
    <ClInclude Include="..\QEvent\QTimer.h">
      <Filter>Header Files</Filter>
    </ClInclude>
    <ClInclude Include="..\QEvent\Backend\QEventLoop.h">
      <Filter>Backend</Filter>
    </ClInclude>
    <ClInclude Include="..\QEvent\QLog.h">
      <Filter>Header Files</Filter>
    </ClInclude>
  </ItemGroup>
  <ItemGroup>
    <ClCompile Include="..\QEvent\main.cpp">
      <Filter>Source Files</Filter>
    </ClCompile>
    <ClCompile Include="..\QEvent\Backend\QBackend.cpp">
      <Filter>Backend</Filter>
    </ClCompile>
    <ClCompile Include="..\QEvent\Backend\QWin32Select.cpp">
      <Filter>Backend</Filter>
    </ClCompile>
    <ClCompile Include="..\QEvent\QEventEnum.cpp">
      <Filter>Source Files</Filter>
    </ClCompile>
    <ClCompile Include="..\QEvent\QMinHeap.cpp">
      <Filter>Source Files</Filter>
    </ClCompile>
    <ClCompile Include="..\QEvent\QNetwork.cpp">
      <Filter>Source Files</Filter>
    </ClCompile>
    <ClCompile Include="..\QEvent\Test\ClientTest.cpp">
      <Filter>Test</Filter>
    </ClCompile>
    <ClCompile Include="..\QEvent\Test\ServerTest.cpp">
      <Filter>Test</Filter>
    </ClCompile>
    <ClCompile Include="..\QEvent\Test\UnitTest.cpp">
      <Filter>Test</Filter>
    </ClCompile>
    <ClCompile Include="..\QEvent\QSignal.cpp">
      <Filter>Source Files</Filter>
    </ClCompile>
    <ClCompile Include="..\QEvent\QChannel.cpp">
      <Filter>Source Files</Filter>
    </ClCompile>
    <ClCompile Include="..\QEvent\QTimer.cpp">
      <Filter>Source Files</Filter>
    </ClCompile>
    <ClCompile Include="..\QEvent\Backend\QEventLoop.cpp">
      <Filter>Backend</Filter>
    </ClCompile>
    <ClCompile Include="..\QEvent\QLog.cpp">
      <Filter>Source Files</Filter>
    </ClCompile>
  </ItemGroup>
</Project>