<?xml version="1.0" encoding="utf-8"?>
<Project ToolsVersion="4.0" xmlns="http://schemas.microsoft.com/developer/msbuild/2003">
  <ItemGroup>
    <ClCompile Include="main.cpp" />
    <ClCompile Include="..\QLog\QSimpleLog.cpp">
      <Filter>Reference\QLog</Filter>
    </ClCompile>
    <ClCompile Include="Backend\QBackend.cpp">
      <Filter>Backend</Filter>
    </ClCompile>
    <ClCompile Include="Backend\QEpoll.cpp">
      <Filter>Backend</Filter>
    </ClCompile>
    <ClCompile Include="Backend\QPoll.cpp">
      <Filter>Backend</Filter>
    </ClCompile>
    <ClCompile Include="Backend\QSelect.cpp">
      <Filter>Backend</Filter>
    </ClCompile>
    <ClCompile Include="Backend\QReactor.cpp">
      <Filter>Backend</Filter>
    </ClCompile>
    <ClCompile Include="Test\ClientTest.cpp">
      <Filter>Test</Filter>
    </ClCompile>
    <ClCompile Include="Test\ServerTest.cpp">
      <Filter>Test</Filter>
    </ClCompile>
    <ClCompile Include="Test\UnitTest.cpp">
      <Filter>Test</Filter>
    </ClCompile>
    <ClCompile Include="QEventEnum.cpp" />
    <ClCompile Include="QMinHeap.cpp" />
    <ClCompile Include="QNetwork.cpp" />
    <ClCompile Include="QTime.cpp" />
    <ClCompile Include="QSignal.cpp" />
    <ClCompile Include="QChannel.cpp" />
    <ClCompile Include="QTimer.cpp" />
  </ItemGroup>
  <ItemGroup>
    <ClInclude Include="..\QLog\QSimpleLog.h">
      <Filter>Reference\QLog</Filter>
    </ClInclude>
    <ClInclude Include="..\QLog\QLogBase.h">
      <Filter>Reference\QLog</Filter>
    </ClInclude>
    <ClInclude Include="Backend\QBackend.h">
      <Filter>Backend</Filter>
    </ClInclude>
    <ClInclude Include="Backend\QEpoll.h">
      <Filter>Backend</Filter>
    </ClInclude>
    <ClInclude Include="Backend\QPoll.h">
      <Filter>Backend</Filter>
    </ClInclude>
    <ClInclude Include="Backend\QSelect.h">
      <Filter>Backend</Filter>
    </ClInclude>
    <ClInclude Include="QLibBase.h" />
    <ClInclude Include="Backend\QReactor.h">
      <Filter>Backend</Filter>
    </ClInclude>
    <ClInclude Include="Test\ClientTest.h">
      <Filter>Test</Filter>
    </ClInclude>
    <ClInclude Include="Test\ServerTest.h">
      <Filter>Test</Filter>
    </ClInclude>
    <ClInclude Include="Test\UnitTest.h">
      <Filter>Test</Filter>
    </ClInclude>
    <ClInclude Include="QEventEnum.h" />
    <ClInclude Include="QMinHeap.h" />
    <ClInclude Include="QNetwork.h" />
    <ClInclude Include="QTime.h" />
    <ClInclude Include="QSignal.h" />
    <ClInclude Include="QChannel.h" />
    <ClInclude Include="QTimer.h" />
  </ItemGroup>
  <ItemGroup>
    <Filter Include="Reference">
      <UniqueIdentifier>{dc25f45c-7394-441c-b5c0-4520cd82849a}</UniqueIdentifier>
    </Filter>
    <Filter Include="Reference\QLog">
      <UniqueIdentifier>{ce13c666-5b1f-40d0-b565-2dc7167f71f4}</UniqueIdentifier>
    </Filter>
    <Filter Include="Backend">
      <UniqueIdentifier>{d079858f-1adb-49d9-93e2-d3a3703b7c6e}</UniqueIdentifier>
    </Filter>
    <Filter Include="Test">
      <UniqueIdentifier>{51dcc772-03b3-4cd7-96d7-8d9203070b61}</UniqueIdentifier>
    </Filter>
  </ItemGroup>
</Project>