<?xml version="1.0" encoding="utf-8"?>
<Project ToolsVersion="4.0" xmlns="http://schemas.microsoft.com/developer/msbuild/2003">
  <ItemGroup>
    <ClCompile Include="main.cpp" />
    <ClCompile Include="..\QLog\QSimpleLog.cpp">
      <Filter>Reference\QLog</Filter>
    </ClCompile>
    <ClCompile Include="Network\QNetwork.cpp">
      <Filter>Network</Filter>
    </ClCompile>
    <ClCompile Include="Backend\QBackend.cpp">
      <Filter>Backend</Filter>
    </ClCompile>
    <ClCompile Include="Backend\QEpoll.cpp">
      <Filter>Backend</Filter>
    </ClCompile>
    <ClCompile Include="Backend\QPoll.cpp">
      <Filter>Backend</Filter>
    </ClCompile>
    <ClCompile Include="Backend\QSelect.cpp">
      <Filter>Backend</Filter>
    </ClCompile>
    <ClCompile Include="Event\QEvent.cpp">
      <Filter>Event</Filter>
    </ClCompile>
    <ClCompile Include="Backend\QReactor.cpp">
      <Filter>Backend</Filter>
    </ClCompile>
    <ClCompile Include="ClientTest.cpp" />
    <ClCompile Include="ServerTest.cpp" />
    <ClCompile Include="Tools\QMinHeap.cpp">
      <Filter>Tools</Filter>
    </ClCompile>
    <ClCompile Include="UnitTest.cpp" />
  </ItemGroup>
  <ItemGroup>
    <ClInclude Include="..\QLog\QSimpleLog.h">
      <Filter>Reference\QLog</Filter>
    </ClInclude>
    <ClInclude Include="..\QLog\QLogBase.h">
      <Filter>Reference\QLog</Filter>
    </ClInclude>
    <ClInclude Include="Network\QNetwork.h">
      <Filter>Network</Filter>
    </ClInclude>
    <ClInclude Include="Backend\QBackend.h">
      <Filter>Backend</Filter>
    </ClInclude>
    <ClInclude Include="Backend\QEpoll.h">
      <Filter>Backend</Filter>
    </ClInclude>
    <ClInclude Include="Backend\QPoll.h">
      <Filter>Backend</Filter>
    </ClInclude>
    <ClInclude Include="Backend\QSelect.h">
      <Filter>Backend</Filter>
    </ClInclude>
    <ClInclude Include="QLibBase.h" />
    <ClInclude Include="Event\QEvent.h">
      <Filter>Event</Filter>
    </ClInclude>
    <ClInclude Include="Backend\QReactor.h">
      <Filter>Backend</Filter>
    </ClInclude>
    <ClInclude Include="ClientTest.h" />
    <ClInclude Include="ServerTest.h" />
    <ClInclude Include="Tools\QMinHeap.h">
      <Filter>Tools</Filter>
    </ClInclude>
    <ClInclude Include="UnitTest.h" />
  </ItemGroup>
  <ItemGroup>
    <Filter Include="Reference">
      <UniqueIdentifier>{dc25f45c-7394-441c-b5c0-4520cd82849a}</UniqueIdentifier>
    </Filter>
    <Filter Include="Reference\QLog">
      <UniqueIdentifier>{ce13c666-5b1f-40d0-b565-2dc7167f71f4}</UniqueIdentifier>
    </Filter>
    <Filter Include="Network">
      <UniqueIdentifier>{bd706e9a-44e0-4e2c-9835-cc52da762253}</UniqueIdentifier>
    </Filter>
    <Filter Include="Backend">
      <UniqueIdentifier>{d079858f-1adb-49d9-93e2-d3a3703b7c6e}</UniqueIdentifier>
    </Filter>
    <Filter Include="Event">
      <UniqueIdentifier>{82eae3ff-715e-4aa7-afb0-2f1be1ea365b}</UniqueIdentifier>
    </Filter>
    <Filter Include="Tools">
      <UniqueIdentifier>{a7324851-f1f6-46bc-a4f3-947ce36e33d9}</UniqueIdentifier>
    </Filter>
  </ItemGroup>
</Project>